Microsoft Visual Studio Solution File, Format Version 12.00
# Visual Studio Version 17
VisualStudioVersion = 17.0.31903.59
MinimumVisualStudioVersion = 10.0.40219.1
Project("{FAE04EC0-301F-11D3-BF4B-00C04F79EFBC}") = "VisualTeX.WindowsOffice.Contracts", "VisualTeX.WindowsOffice.Contracts\VisualTeX.WindowsOffice.Contracts.csproj", "{A90CF5CE-4506-43E6-AE31-6D0325F87B7D}"
EndProject
Project("{FAE04EC0-301F-11D3-BF4B-00C04F79EFBC}") = "VisualTeX.WindowsOleBridge", "VisualTeX.WindowsOleBridge\VisualTeX.WindowsOleBridge.csproj", "{694813FC-607A-459F-BD7F-3E342825969A}"
EndProject
Project("{FAE04EC0-301F-11D3-BF4B-00C04F79EFBC}") = "VisualTeX.WordVsto", "VisualTeX.WordVsto\VisualTeX.WordVsto.csproj", "{44AE9B78-90B5-46FC-88F7-AE03F0B09623}"
EndProject
Project("{FAE04EC0-301F-11D3-BF4B-00C04F79EFBC}") = "VisualTeX.PowerPointVsto", "VisualTeX.PowerPointVsto\VisualTeX.PowerPointVsto.csproj", "{BCEDE4E8-D4C9-4E56-80C7-2C3F16871651}"
EndProject
Project("{FAE04EC0-301F-11D3-BF4B-00C04F79EFBC}") = "VisualTeX.WindowsOffice.Tests", "VisualTeX.WindowsOffice.Tests\VisualTeX.WindowsOffice.Tests.csproj", "{BC29DF8E-E36F-4E57-B6F5-C87A4A755C68}"
EndProject
Project("{930C7802-8A8C-48F9-8165-68863BCCD9DD}") = "VisualTeX.WindowsOffice.Installer", "VisualTeX.WindowsOffice.Installer\VisualTeX.WindowsOffice.Installer.wixproj", "{4DB26082-F322-4B2E-AD08-98760EB939B8}"
EndProject
Project("{BC8A1FFA-BEE3-4634-8014-F334798102B3}") = "VisualTeX.FormulaOleServer", "VisualTeX.FormulaOleServer\VisualTeX.FormulaOleServer.vcxproj", "{E36C5AC3-32E5-4F11-9186-F6E840C8A5C3}"
EndProject
Project("{BC8A1FFA-BEE3-4634-8014-F334798102B3}") = "VisualTeX.FormulaOleServer.Tests", "VisualTeX.FormulaOleServer.Tests\VisualTeX.FormulaOleServer.Tests.vcxproj", "{4C849EE5-4C49-49C6-B317-F4DF42A8BD69}"
EndProject
Project("{FAE04EC0-301F-11D3-BF4B-00C04F79EFBC}") = "VisualTeX.NativeOfficeOleAcceptance", "VisualTeX.NativeOfficeOleAcceptance\VisualTeX.NativeOfficeOleAcceptance.csproj", "{05878076-3A5E-42C8-BA63-A405EA1315DD}"
EndProject
Project("{FAE04EC0-301F-11D3-BF4B-00C04F79EFBC}") = "VisualTeX.VstoFlowAcceptance", "VisualTeX.VstoFlowAcceptance\VisualTeX.VstoFlowAcceptance.csproj", "{C8A6E4D2-1F35-4B7A-9C20-6E8D3F5A7B91}"
EndProject
Global
	GlobalSection(SolutionConfigurationPlatforms) = preSolution
		Debug|Any CPU = Debug|Any CPU
		Debug|x86 = Debug|x86
		Release|Any CPU = Release|Any CPU
		Release|x64 = Release|x64
		Release|x86 = Release|x86
	EndGlobalSection
	GlobalSection(ProjectConfigurationPlatforms) = postSolution
		{A90CF5CE-4506-43E6-AE31-6D0325F87B7D}.Debug|Any CPU.ActiveCfg = Debug|Any CPU
		{A90CF5CE-4506-43E6-AE31-6D0325F87B7D}.Debug|Any CPU.Build.0 = Debug|Any CPU
		{A90CF5CE-4506-43E6-AE31-6D0325F87B7D}.Release|Any CPU.ActiveCfg = Release|Any CPU
		{A90CF5CE-4506-43E6-AE31-6D0325F87B7D}.Release|Any CPU.Build.0 = Release|Any CPU
		{A90CF5CE-4506-43E6-AE31-6D0325F87B7D}.Release|x64.ActiveCfg = Release|Any CPU
		{A90CF5CE-4506-43E6-AE31-6D0325F87B7D}.Release|x64.Build.0 = Release|Any CPU
		{694813FC-607A-459F-BD7F-3E342825969A}.Debug|Any CPU.ActiveCfg = Debug|Any CPU
		{694813FC-607A-459F-BD7F-3E342825969A}.Debug|Any CPU.Build.0 = Debug|Any CPU
		{694813FC-607A-459F-BD7F-3E342825969A}.Release|Any CPU.ActiveCfg = Release|Any CPU
		{694813FC-607A-459F-BD7F-3E342825969A}.Release|Any CPU.Build.0 = Release|Any CPU
		{694813FC-607A-459F-BD7F-3E342825969A}.Release|x64.ActiveCfg = Release|Any CPU
		{694813FC-607A-459F-BD7F-3E342825969A}.Release|x64.Build.0 = Release|Any CPU
		{44AE9B78-90B5-46FC-88F7-AE03F0B09623}.Debug|Any CPU.ActiveCfg = Debug|x64
		{44AE9B78-90B5-46FC-88F7-AE03F0B09623}.Debug|Any CPU.Build.0 = Debug|x64
		{44AE9B78-90B5-46FC-88F7-AE03F0B09623}.Release|Any CPU.ActiveCfg = Release|x64
		{44AE9B78-90B5-46FC-88F7-AE03F0B09623}.Release|Any CPU.Build.0 = Release|x64
		{44AE9B78-90B5-46FC-88F7-AE03F0B09623}.Release|x64.ActiveCfg = Release|x64
		{44AE9B78-90B5-46FC-88F7-AE03F0B09623}.Release|x64.Build.0 = Release|x64
		{BCEDE4E8-D4C9-4E56-80C7-2C3F16871651}.Debug|Any CPU.ActiveCfg = Debug|x64
		{BCEDE4E8-D4C9-4E56-80C7-2C3F16871651}.Debug|Any CPU.Build.0 = Debug|x64
		{BCEDE4E8-D4C9-4E56-80C7-2C3F16871651}.Release|Any CPU.ActiveCfg = Release|x64
		{BCEDE4E8-D4C9-4E56-80C7-2C3F16871651}.Release|Any CPU.Build.0 = Release|x64
		{BCEDE4E8-D4C9-4E56-80C7-2C3F16871651}.Release|x64.ActiveCfg = Release|x64
		{BCEDE4E8-D4C9-4E56-80C7-2C3F16871651}.Release|x64.Build.0 = Release|x64
		{BC29DF8E-E36F-4E57-B6F5-C87A4A755C68}.Debug|Any CPU.ActiveCfg = Debug|Any CPU
		{BC29DF8E-E36F-4E57-B6F5-C87A4A755C68}.Debug|Any CPU.Build.0 = Debug|Any CPU
		{BC29DF8E-E36F-4E57-B6F5-C87A4A755C68}.Release|Any CPU.ActiveCfg = Release|Any CPU
		{BC29DF8E-E36F-4E57-B6F5-C87A4A755C68}.Release|Any CPU.Build.0 = Release|Any CPU
		{BC29DF8E-E36F-4E57-B6F5-C87A4A755C68}.Release|x64.ActiveCfg = Release|Any CPU
		{BC29DF8E-E36F-4E57-B6F5-C87A4A755C68}.Release|x64.Build.0 = Release|Any CPU
		{4DB26082-F322-4B2E-AD08-98760EB939B8}.Debug|Any CPU.ActiveCfg = Debug|x64
		{4DB26082-F322-4B2E-AD08-98760EB939B8}.Debug|Any CPU.Build.0 = Debug|x64
		{4DB26082-F322-4B2E-AD08-98760EB939B8}.Release|Any CPU.ActiveCfg = Release|x64
		{4DB26082-F322-4B2E-AD08-98760EB939B8}.Release|Any CPU.Build.0 = Release|x64
		{4DB26082-F322-4B2E-AD08-98760EB939B8}.Release|x64.ActiveCfg = Release|x64
		{4DB26082-F322-4B2E-AD08-98760EB939B8}.Release|x64.Build.0 = Release|x64
		{E36C5AC3-32E5-4F11-9186-F6E840C8A5C3}.Debug|Any CPU.ActiveCfg = Debug|x64
		{E36C5AC3-32E5-4F11-9186-F6E840C8A5C3}.Debug|Any CPU.Build.0 = Debug|x64
		{E36C5AC3-32E5-4F11-9186-F6E840C8A5C3}.Release|Any CPU.ActiveCfg = Release|x64
		{E36C5AC3-32E5-4F11-9186-F6E840C8A5C3}.Release|Any CPU.Build.0 = Release|x64
		{E36C5AC3-32E5-4F11-9186-F6E840C8A5C3}.Release|x64.ActiveCfg = Release|x64
		{E36C5AC3-32E5-4F11-9186-F6E840C8A5C3}.Release|x64.Build.0 = Release|x64
		{4C849EE5-4C49-49C6-B317-F4DF42A8BD69}.Debug|Any CPU.ActiveCfg = Debug|x64
		{4C849EE5-4C49-49C6-B317-F4DF42A8BD69}.Debug|Any CPU.Build.0 = Debug|x64
		{4C849EE5-4C49-49C6-B317-F4DF42A8BD69}.Release|Any CPU.ActiveCfg = Release|x64
		{4C849EE5-4C49-49C6-B317-F4DF42A8BD69}.Release|Any CPU.Build.0 = Release|x64
		{4C849EE5-4C49-49C6-B317-F4DF42A8BD69}.Release|x64.ActiveCfg = Release|x64
		{4C849EE5-4C49-49C6-B317-F4DF42A8BD69}.Release|x64.Build.0 = Release|x64
		{05878076-3A5E-42C8-BA63-A405EA1315DD}.Debug|Any CPU.ActiveCfg = Debug|x64
		{05878076-3A5E-42C8-BA63-A405EA1315DD}.Debug|Any CPU.Build.0 = Debug|x64
		{05878076-3A5E-42C8-BA63-A405EA1315DD}.Release|Any CPU.ActiveCfg = Release|x64
		{05878076-3A5E-42C8-BA63-A405EA1315DD}.Release|Any CPU.Build.0 = Release|x64
		{05878076-3A5E-42C8-BA63-A405EA1315DD}.Release|x64.ActiveCfg = Release|x64
		{05878076-3A5E-42C8-BA63-A405EA1315DD}.Release|x64.Build.0 = Release|x64
		{A90CF5CE-4506-43E6-AE31-6D0325F87B7D}.Debug|x86.ActiveCfg = Debug|x86
		{A90CF5CE-4506-43E6-AE31-6D0325F87B7D}.Debug|x86.Build.0 = Debug|x86
		{A90CF5CE-4506-43E6-AE31-6D0325F87B7D}.Release|x86.ActiveCfg = Release|x86
		{A90CF5CE-4506-43E6-AE31-6D0325F87B7D}.Release|x86.Build.0 = Release|x86
		{694813FC-607A-459F-BD7F-3E342825969A}.Debug|x86.ActiveCfg = Debug|Any CPU
		{694813FC-607A-459F-BD7F-3E342825969A}.Debug|x86.Build.0 = Debug|Any CPU
		{694813FC-607A-459F-BD7F-3E342825969A}.Release|x86.ActiveCfg = Release|Any CPU
		{694813FC-607A-459F-BD7F-3E342825969A}.Release|x86.Build.0 = Release|Any CPU
		{44AE9B78-90B5-46FC-88F7-AE03F0B09623}.Debug|x86.ActiveCfg = Debug|x86
		{44AE9B78-90B5-46FC-88F7-AE03F0B09623}.Debug|x86.Build.0 = Debug|x86
		{44AE9B78-90B5-46FC-88F7-AE03F0B09623}.Release|x86.ActiveCfg = Release|x86
		{44AE9B78-90B5-46FC-88F7-AE03F0B09623}.Release|x86.Build.0 = Release|x86
		{BCEDE4E8-D4C9-4E56-80C7-2C3F16871651}.Debug|x86.ActiveCfg = Debug|x86
		{BCEDE4E8-D4C9-4E56-80C7-2C3F16871651}.Debug|x86.Build.0 = Debug|x86
		{BCEDE4E8-D4C9-4E56-80C7-2C3F16871651}.Release|x86.ActiveCfg = Release|x86
		{BCEDE4E8-D4C9-4E56-80C7-2C3F16871651}.Release|x86.Build.0 = Release|x86
		{BC29DF8E-E36F-4E57-B6F5-C87A4A755C68}.Debug|x86.ActiveCfg = Debug|Any CPU
		{BC29DF8E-E36F-4E57-B6F5-C87A4A755C68}.Debug|x86.Build.0 = Debug|Any CPU
		{BC29DF8E-E36F-4E57-B6F5-C87A4A755C68}.Release|x86.ActiveCfg = Release|Any CPU
		{BC29DF8E-E36F-4E57-B6F5-C87A4A755C68}.Release|x86.Build.0 = Release|Any CPU
		{4DB26082-F322-4B2E-AD08-98760EB939B8}.Debug|x86.ActiveCfg = Debug|x86
		{4DB26082-F322-4B2E-AD08-98760EB939B8}.Debug|x86.Build.0 = Debug|x86
		{4DB26082-F322-4B2E-AD08-98760EB939B8}.Release|x86.ActiveCfg = Release|x86
		{4DB26082-F322-4B2E-AD08-98760EB939B8}.Release|x86.Build.0 = Release|x86
		{E36C5AC3-32E5-4F11-9186-F6E840C8A5C3}.Debug|x86.ActiveCfg = Debug|Win32
		{E36C5AC3-32E5-4F11-9186-F6E840C8A5C3}.Debug|x86.Build.0 = Debug|Win32
		{E36C5AC3-32E5-4F11-9186-F6E840C8A5C3}.Release|x86.ActiveCfg = Release|Win32
		{E36C5AC3-32E5-4F11-9186-F6E840C8A5C3}.Release|x86.Build.0 = Release|Win32
		{4C849EE5-4C49-49C6-B317-F4DF42A8BD69}.Debug|x86.ActiveCfg = Debug|Win32
		{4C849EE5-4C49-49C6-B317-F4DF42A8BD69}.Debug|x86.Build.0 = Debug|Win32
		{4C849EE5-4C49-49C6-B317-F4DF42A8BD69}.Release|x86.ActiveCfg = Release|Win32
		{4C849EE5-4C49-49C6-B317-F4DF42A8BD69}.Release|x86.Build.0 = Release|Win32
		{05878076-3A5E-42C8-BA63-A405EA1315DD}.Debug|x86.ActiveCfg = Debug|x86
		{05878076-3A5E-42C8-BA63-A405EA1315DD}.Debug|x86.Build.0 = Debug|x86
		{05878076-3A5E-42C8-BA63-A405EA1315DD}.Release|x86.ActiveCfg = Release|x86
		{05878076-3A5E-42C8-BA63-A405EA1315DD}.Release|x86.Build.0 = Release|x86
		{C8A6E4D2-1F35-4B7A-9C20-6E8D3F5A7B91}.Debug|Any CPU.ActiveCfg = Debug|x64
		{C8A6E4D2-1F35-4B7A-9C20-6E8D3F5A7B91}.Debug|Any CPU.Build.0 = Debug|x64
		{C8A6E4D2-1F35-4B7A-9C20-6E8D3F5A7B91}.Release|Any CPU.ActiveCfg = Release|x64
		{C8A6E4D2-1F35-4B7A-9C20-6E8D3F5A7B91}.Release|Any CPU.Build.0 = Release|x64
		{C8A6E4D2-1F35-4B7A-9C20-6E8D3F5A7B91}.Release|x64.ActiveCfg = Release|x64
		{C8A6E4D2-1F35-4B7A-9C20-6E8D3F5A7B91}.Release|x64.Build.0 = Release|x64
		{C8A6E4D2-1F35-4B7A-9C20-6E8D3F5A7B91}.Debug|x86.ActiveCfg = Debug|x86
		{C8A6E4D2-1F35-4B7A-9C20-6E8D3F5A7B91}.Debug|x86.Build.0 = Debug|x86
		{C8A6E4D2-1F35-4B7A-9C20-6E8D3F5A7B91}.Release|x86.ActiveCfg = Release|x86
		{C8A6E4D2-1F35-4B7A-9C20-6E8D3F5A7B91}.Release|x86.Build.0 = Release|x86
	EndGlobalSection
	GlobalSection(SolutionProperties) = preSolution
		HideSolutionNode = FALSE
	EndGlobalSection
EndGlobal
